
Microsoft Visual Studio Solution File, Format Version 12.00
# Visual Studio Version 16
VisualStudioVersion = 16.0.35826.135
MinimumVisualStudioVersion = 10.0.40219.1
Project("{FAE04EC0-301F-11D3-BF4B-00C04F79EFBC}") = "Capibara", "Capibara\Capibara.csproj", "{C2192651-B19E-473B-817D-9A5CBB8CD466}"
EndProject
Project("{54435603-DBB4-11D2-8724-00A0C9A8B90C}") = "CapibaraInstaller", "CapibaraInstaller\CapibaraInstaller.vdproj", "{622CA4A9-C455-4E38-82CA-5D1EC0CED800}"
EndProject
Project("{FAE04EC0-301F-11D3-BF4B-00C04F79EFBC}") = "CapibaraInstallerActions", "CapibaraInstallerActions\CapibaraInstallerActions.csproj", "{861009A0-6AA1-4318-B0FF-2F7497AC3D18}"
EndProject
Project("{FAE04EC0-301F-11D3-BF4B-00C04F79EFBC}") = "DataLayer", "DataLayer\DataLayer.csproj", "{E638A9F6-0826-48FE-842B-BADB1B521E06}"
EndProject
Global
	GlobalSection(SolutionConfigurationPlatforms) = preSolution
		Debug|Any CPU = Debug|Any CPU
		Debug|ARM = Debug|ARM
		Debug|ARM64 = Debug|ARM64
		Debug|x64 = Debug|x64
		Debug|x86 = Debug|x86
		Release|Any CPU = Release|Any CPU
		Release|ARM = Release|ARM
		Release|ARM64 = Release|ARM64
		Release|x64 = Release|x64
		Release|x86 = Release|x86
	EndGlobalSection
	GlobalSection(ProjectConfigurationPlatforms) = postSolution
		{C2192651-B19E-473B-817D-9A5CBB8CD466}.Debug|Any CPU.ActiveCfg = Debug|Any CPU
		{C2192651-B19E-473B-817D-9A5CBB8CD466}.Debug|Any CPU.Build.0 = Debug|Any CPU
		{C2192651-B19E-473B-817D-9A5CBB8CD466}.Debug|ARM.ActiveCfg = Debug|Any CPU
		{C2192651-B19E-473B-817D-9A5CBB8CD466}.Debug|ARM.Build.0 = Debug|Any CPU
		{C2192651-B19E-473B-817D-9A5CBB8CD466}.Debug|ARM64.ActiveCfg = Debug|Any CPU
		{C2192651-B19E-473B-817D-9A5CBB8CD466}.Debug|ARM64.Build.0 = Debug|Any CPU
		{C2192651-B19E-473B-817D-9A5CBB8CD466}.Debug|x64.ActiveCfg = Debug|Any CPU
		{C2192651-B19E-473B-817D-9A5CBB8CD466}.Debug|x64.Build.0 = Debug|Any CPU
		{C2192651-B19E-473B-817D-9A5CBB8CD466}.Debug|x86.ActiveCfg = Debug|Any CPU
		{C2192651-B19E-473B-817D-9A5CBB8CD466}.Debug|x86.Build.0 = Debug|Any CPU
		{C2192651-B19E-473B-817D-9A5CBB8CD466}.Release|Any CPU.ActiveCfg = Release|Any CPU
		{C2192651-B19E-473B-817D-9A5CBB8CD466}.Release|Any CPU.Build.0 = Release|Any CPU
		{C2192651-B19E-473B-817D-9A5CBB8CD466}.Release|ARM.ActiveCfg = Release|Any CPU
		{C2192651-B19E-473B-817D-9A5CBB8CD466}.Release|ARM.Build.0 = Release|Any CPU
		{C2192651-B19E-473B-817D-9A5CBB8CD466}.Release|ARM64.ActiveCfg = Release|Any CPU
		{C2192651-B19E-473B-817D-9A5CBB8CD466}.Release|ARM64.Build.0 = Release|Any CPU
		{C2192651-B19E-473B-817D-9A5CBB8CD466}.Release|x64.ActiveCfg = Release|Any CPU
		{C2192651-B19E-473B-817D-9A5CBB8CD466}.Release|x64.Build.0 = Release|Any CPU
		{C2192651-B19E-473B-817D-9A5CBB8CD466}.Release|x86.ActiveCfg = Release|Any CPU
		{C2192651-B19E-473B-817D-9A5CBB8CD466}.Release|x86.Build.0 = Release|Any CPU
		{622CA4A9-C455-4E38-82CA-5D1EC0CED800}.Debug|Any CPU.ActiveCfg = Debug
		{622CA4A9-C455-4E38-82CA-5D1EC0CED800}.Debug|ARM.ActiveCfg = Debug
		{622CA4A9-C455-4E38-82CA-5D1EC0CED800}.Debug|ARM.Build.0 = Debug
		{622CA4A9-C455-4E38-82CA-5D1EC0CED800}.Debug|ARM64.ActiveCfg = Debug
		{622CA4A9-C455-4E38-82CA-5D1EC0CED800}.Debug|ARM64.Build.0 = Debug
		{622CA4A9-C455-4E38-82CA-5D1EC0CED800}.Debug|x64.ActiveCfg = Debug
		{622CA4A9-C455-4E38-82CA-5D1EC0CED800}.Debug|x64.Build.0 = Debug
		{622CA4A9-C455-4E38-82CA-5D1EC0CED800}.Debug|x86.ActiveCfg = Debug
		{622CA4A9-C455-4E38-82CA-5D1EC0CED800}.Debug|x86.Build.0 = Debug
		{622CA4A9-C455-4E38-82CA-5D1EC0CED800}.Release|Any CPU.ActiveCfg = Release
		{622CA4A9-C455-4E38-82CA-5D1EC0CED800}.Release|ARM.ActiveCfg = Release
		{622CA4A9-C455-4E38-82CA-5D1EC0CED800}.Release|ARM.Build.0 = Release
		{622CA4A9-C455-4E38-82CA-5D1EC0CED800}.Release|ARM64.ActiveCfg = Release
		{622CA4A9-C455-4E38-82CA-5D1EC0CED800}.Release|ARM64.Build.0 = Release
		{622CA4A9-C455-4E38-82CA-5D1EC0CED800}.Release|x64.ActiveCfg = Release
		{622CA4A9-C455-4E38-82CA-5D1EC0CED800}.Release|x64.Build.0 = Release
		{622CA4A9-C455-4E38-82CA-5D1EC0CED800}.Release|x86.ActiveCfg = Release
		{622CA4A9-C455-4E38-82CA-5D1EC0CED800}.Release|x86.Build.0 = Release
		{861009A0-6AA1-4318-B0FF-2F7497AC3D18}.Debug|Any CPU.ActiveCfg = Debug|Any CPU
		{861009A0-6AA1-4318-B0FF-2F7497AC3D18}.Debug|Any CPU.Build.0 = Debug|Any CPU
		{861009A0-6AA1-4318-B0FF-2F7497AC3D18}.Debug|ARM.ActiveCfg = Debug|Any CPU
		{861009A0-6AA1-4318-B0FF-2F7497AC3D18}.Debug|ARM.Build.0 = Debug|Any CPU
		{861009A0-6AA1-4318-B0FF-2F7497AC3D18}.Debug|ARM64.ActiveCfg = Debug|Any CPU
		{861009A0-6AA1-4318-B0FF-2F7497AC3D18}.Debug|ARM64.Build.0 = Debug|Any CPU
		{861009A0-6AA1-4318-B0FF-2F7497AC3D18}.Debug|x64.ActiveCfg = Debug|Any CPU
		{861009A0-6AA1-4318-B0FF-2F7497AC3D18}.Debug|x64.Build.0 = Debug|Any CPU
		{861009A0-6AA1-4318-B0FF-2F7497AC3D18}.Debug|x86.ActiveCfg = Debug|Any CPU
		{861009A0-6AA1-4318-B0FF-2F7497AC3D18}.Debug|x86.Build.0 = Debug|Any CPU
		{861009A0-6AA1-4318-B0FF-2F7497AC3D18}.Release|Any CPU.ActiveCfg = Release|Any CPU
		{861009A0-6AA1-4318-B0FF-2F7497AC3D18}.Release|Any CPU.Build.0 = Release|Any CPU
		{861009A0-6AA1-4318-B0FF-2F7497AC3D18}.Release|ARM.ActiveCfg = Release|Any CPU
		{861009A0-6AA1-4318-B0FF-2F7497AC3D18}.Release|ARM.Build.0 = Release|Any CPU
		{861009A0-6AA1-4318-B0FF-2F7497AC3D18}.Release|ARM64.ActiveCfg = Release|Any CPU
		{861009A0-6AA1-4318-B0FF-2F7497AC3D18}.Release|ARM64.Build.0 = Release|Any CPU
		{861009A0-6AA1-4318-B0FF-2F7497AC3D18}.Release|x64.ActiveCfg = Release|Any CPU
		{861009A0-6AA1-4318-B0FF-2F7497AC3D18}.Release|x64.Build.0 = Release|Any CPU
		{861009A0-6AA1-4318-B0FF-2F7497AC3D18}.Release|x86.ActiveCfg = Release|Any CPU
		{861009A0-6AA1-4318-B0FF-2F7497AC3D18}.Release|x86.Build.0 = Release|Any CPU
		{E638A9F6-0826-48FE-842B-BADB1B521E06}.Debug|Any CPU.ActiveCfg = Debug|Any CPU
		{E638A9F6-0826-48FE-842B-BADB1B521E06}.Debug|Any CPU.Build.0 = Debug|Any CPU
		{E638A9F6-0826-48FE-842B-BADB1B521E06}.Debug|ARM.ActiveCfg = Debug|Any CPU
		{E638A9F6-0826-48FE-842B-BADB1B521E06}.Debug|ARM.Build.0 = Debug|Any CPU
		{E638A9F6-0826-48FE-842B-BADB1B521E06}.Debug|ARM64.ActiveCfg = Debug|Any CPU
		{E638A9F6-0826-48FE-842B-BADB1B521E06}.Debug|ARM64.Build.0 = Debug|Any CPU
		{E638A9F6-0826-48FE-842B-BADB1B521E06}.Debug|x64.ActiveCfg = Debug|Any CPU
		{E638A9F6-0826-48FE-842B-BADB1B521E06}.Debug|x64.Build.0 = Debug|Any CPU
		{E638A9F6-0826-48FE-842B-BADB1B521E06}.Debug|x86.ActiveCfg = Debug|Any CPU
		{E638A9F6-0826-48FE-842B-BADB1B521E06}.Debug|x86.Build.0 = Debug|Any CPU
		{E638A9F6-0826-48FE-842B-BADB1B521E06}.Release|Any CPU.ActiveCfg = Release|Any CPU
		{E638A9F6-0826-48FE-842B-BADB1B521E06}.Release|Any CPU.Build.0 = Release|Any CPU
		{E638A9F6-0826-48FE-842B-BADB1B521E06}.Release|ARM.ActiveCfg = Release|Any CPU
		{E638A9F6-0826-48FE-842B-BADB1B521E06}.Release|ARM.Build.0 = Release|Any CPU
		{E638A9F6-0826-48FE-842B-BADB1B521E06}.Release|ARM64.ActiveCfg = Release|Any CPU
		{E638A9F6-0826-48FE-842B-BADB1B521E06}.Release|ARM64.Build.0 = Release|Any CPU
		{E638A9F6-0826-48FE-842B-BADB1B521E06}.Release|x64.ActiveCfg = Release|Any CPU
		{E638A9F6-0826-48FE-842B-BADB1B521E06}.Release|x64.Build.0 = Release|Any CPU
		{E638A9F6-0826-48FE-842B-BADB1B521E06}.Release|x86.ActiveCfg = Release|Any CPU
		{E638A9F6-0826-48FE-842B-BADB1B521E06}.Release|x86.Build.0 = Release|Any CPU
	EndGlobalSection
	GlobalSection(SolutionProperties) = preSolution
		HideSolutionNode = FALSE
	EndGlobalSection
	GlobalSection(ExtensibilityGlobals) = postSolution
		SolutionGuid = {639A3C51-1BD3-4C96-A036-9A90E0A52EAC}
	EndGlobalSection
EndGlobal
